
Microsoft Visual Studio Solution File, Format Version 12.00
# Visual Studio 15
VisualStudioVersion = 15.0.28010.2048
MinimumVisualStudioVersion = 10.0.40219.1
Project("{FAE04EC0-301F-11D3-BF4B-00C04F79EFBC}") = "MusicStoreEntities", "MusicStoreEntities\MusicStoreEntities.csproj", "{D5ECFE9D-9CAE-4921-BFE0-2C024AFDB3C9}"
EndProject
Project("{FAE04EC0-301F-11D3-BF4B-00C04F79EFBC}") = "MusicStoreWeb", "MusicStoreWeb\MusicStoreWeb.csproj", "{3DBD8C77-5FA8-4504-B1B6-1D47C8EB554A}"
EndProject
Global
	GlobalSection(SolutionConfigurationPlatforms) = preSolution
		Debug|Any CPU = Debug|Any CPU
		Release|Any CPU = Release|Any CPU
	EndGlobalSection
	GlobalSection(ProjectConfigurationPlatforms) = postSolution
		{D5ECFE9D-9CAE-4921-BFE0-2C024AFDB3C9}.Debug|Any CPU.ActiveCfg = Debug|Any CPU
		{D5ECFE9D-9CAE-4921-BFE0-2C024AFDB3C9}.Debug|Any CPU.Build.0 = Debug|Any CPU
		{D5ECFE9D-9CAE-4921-BFE0-2C024AFDB3C9}.Release|Any CPU.ActiveCfg = Release|Any CPU
		{D5ECFE9D-9CAE-4921-BFE0-2C024AFDB3C9}.Release|Any CPU.Build.0 = Release|Any CPU
		{3DBD8C77-5FA8-4504-B1B6-1D47C8EB554A}.Debug|Any CPU.ActiveCfg = Debug|Any CPU
		{3DBD8C77-5FA8-4504-B1B6-1D47C8EB554A}.Debug|Any CPU.Build.0 = Debug|Any CPU
		{3DBD8C77-5FA8-4504-B1B6-1D47C8EB554A}.Release|Any CPU.ActiveCfg = Release|Any CPU
		{3DBD8C77-5FA8-4504-B1B6-1D47C8EB554A}.Release|Any CPU.Build.0 = Release|Any CPU
	EndGlobalSection
	GlobalSection(SolutionProperties) = preSolution
		HideSolutionNode = FALSE
	EndGlobalSection
	GlobalSection(ExtensibilityGlobals) = postSolution
		SolutionGuid = {C6598255-17CF-4DBD-A94F-1B9962C34D1A}
	EndGlobalSection
EndGlobal
